
Microsoft Visual Studio Solution File, Format Version 12.00
# Visual Studio Version 17
VisualStudioVersion = 17.4.33110.190
MinimumVisualStudioVersion = 10.0.40219.1
Project("{FAE04EC0-301F-11D3-BF4B-00C04F79EFBC}") = "EventManagement.Web", "EventManagement.Web\EventManagement.Web.csproj", "{9247C719-2194-43A1-863C-230B086DB8E8}"
EndProject
Project("{FAE04EC0-301F-11D3-BF4B-00C04F79EFBC}") = "EventManagement.WebAPI", "..\EventManagement.WebAPI\EventManagement.WebAPI.csproj", "{C3F99FA1-B0C7-4E31-994A-E684620DCDBE}"
EndProject
Project("{FAE04EC0-301F-11D3-BF4B-00C04F79EFBC}") = "EventManagement.Domain", "..\EventManagement.Domain\EventManagement.Domain.csproj", "{4EDFABCC-C768-4BD9-9DEA-1EBEC4DCE642}"
EndProject
Global
	GlobalSection(SolutionConfigurationPlatforms) = preSolution
		Debug|Any CPU = Debug|Any CPU
		Release|Any CPU = Release|Any CPU
	EndGlobalSection
	GlobalSection(ProjectConfigurationPlatforms) = postSolution
		{9247C719-2194-43A1-863C-230B086DB8E8}.Debug|Any CPU.ActiveCfg = Debug|Any CPU
		{9247C719-2194-43A1-863C-230B086DB8E8}.Debug|Any CPU.Build.0 = Debug|Any CPU
		{9247C719-2194-43A1-863C-230B086DB8E8}.Release|Any CPU.ActiveCfg = Release|Any CPU
		{9247C719-2194-43A1-863C-230B086DB8E8}.Release|Any CPU.Build.0 = Release|Any CPU
		{C3F99FA1-B0C7-4E31-994A-E684620DCDBE}.Debug|Any CPU.ActiveCfg = Debug|Any CPU
		{C3F99FA1-B0C7-4E31-994A-E684620DCDBE}.Debug|Any CPU.Build.0 = Debug|Any CPU
		{C3F99FA1-B0C7-4E31-994A-E684620DCDBE}.Release|Any CPU.ActiveCfg = Release|Any CPU
		{C3F99FA1-B0C7-4E31-994A-E684620DCDBE}.Release|Any CPU.Build.0 = Release|Any CPU
		{4EDFABCC-C768-4BD9-9DEA-1EBEC4DCE642}.Debug|Any CPU.ActiveCfg = Debug|Any CPU
		{4EDFABCC-C768-4BD9-9DEA-1EBEC4DCE642}.Debug|Any CPU.Build.0 = Debug|Any CPU
		{4EDFABCC-C768-4BD9-9DEA-1EBEC4DCE642}.Release|Any CPU.ActiveCfg = Release|Any CPU
		{4EDFABCC-C768-4BD9-9DEA-1EBEC4DCE642}.Release|Any CPU.Build.0 = Release|Any CPU
	EndGlobalSection
	GlobalSection(SolutionProperties) = preSolution
		HideSolutionNode = FALSE
	EndGlobalSection
	GlobalSection(ExtensibilityGlobals) = postSolution
		SolutionGuid = {DC10AA7C-0475-4E84-936D-1E72F3EC378B}
	EndGlobalSection
EndGlobal
